PODS:
  - LlamaKit (0.1.1)
  - Nimble (0.4.2)
  - Quick (0.3.1)
  - ReactiveCocoa (3.0.0-alpha.1):
    - LlamaKit (= 0.1.1)
    - ReactiveCocoa/UI (= 3.0.0-alpha.1)
  - ReactiveCocoa/Core (3.0.0-alpha.1):
    - LlamaKit (= 0.1.1)
    - ReactiveCocoa/no-arc
  - ReactiveCocoa/no-arc (3.0.0-alpha.1):
    - LlamaKit (= 0.1.1)
  - ReactiveCocoa/UI (3.0.0-alpha.1):
    - LlamaKit (= 0.1.1)
    - ReactiveCocoa/Core

DEPENDENCIES:
  - Nimble
  - Quick
  - ReactiveCocoa (= 3.0.0-alpha.1)

SPEC CHECKSUMS:
  LlamaKit: 25f47a933b6580a6fc159d95adb2e2953c7012e9
  Nimble: 49b7a7da8919f42823d37c6d68cc6d15a7009f32
  Quick: 824572d3d198d51e52cf4aa722cebf7e59952a35
  ReactiveCocoa: 3b5e351bb3ab233d71f0329f36a7400af30d9783

COCOAPODS: 0.37.0
