// !$*UTF8*$!
{
	archiveVersion = 1;
	classes = {
	};
	objectVersion = 46;
	objects = {

/* Begin PBXBuildFile section */
		5CC31645F7BD1293F25018DD /* Pods.framework in Frameworks */ = {isa = PBXBuildFile; fileRef = 8894096DA37A0E7FA5A8C930 /* Pods.framework */; settings = {ATTRIBUTES = (Weak, ); }; };
		9EA3EECCFB1A66EC70341441 /* Pods_SquareStockTests.framework in Frameworks */ = {isa = PBXBuildFile; fileRef = 5432A8BC63C2DCABF65667D2 /* Pods_SquareStockTests.framework */; settings = {ATTRIBUTES = (Weak, ); }; };
		B24A2F651AF842FF00B05498 /* AppDelegate.swift in Sources */ = {isa = PBXBuildFile; fileRef = B24A2F5E1AF842FF00B05498 /* AppDelegate.swift */; };
		B24A2F661AF842FF00B05498 /* Images.xcassets in Resources */ = {isa = PBXBuildFile; fileRef = B24A2F601AF842FF00B05498 /* Images.xcassets */; };
		B24A2F681AF842FF00B05498 /* ViewController.swift in Sources */ = {isa = PBXBuildFile; fileRef = B24A2F641AF842FF00B05498 /* ViewController.swift */; };
/* End PBXBuildFile section */

/* Begin PBXContainerItemProxy section */
		B24A2F4E1AF842CF00B05498 /* PBXContainerItemProxy */ = {
			isa = PBXContainerItemProxy;
			containerPortal = B24A2F301AF842CE00B05498 /* Project object */;
			proxyType = 1;
			remoteGlobalIDString = B24A2F371AF842CE00B05498;
			remoteInfo = SquareStock;
		};
/* End PBXContainerItemProxy section */

/* Begin PBXFileReference section */
		19777F9EBB80B62BFCA0D81B /* Pods-SquareStockTests.debug.xcconfig */ = {isa = PBXFileReference; includeInIndex = 1; lastKnownFileType = text.xcconfig; name = "Pods-SquareStockTests.debug.xcconfig"; path = "Pods/Target Support Files/Pods-SquareStockTests/Pods-SquareStockTests.debug.xcconfig"; sourceTree = "<group>"; };
		5432A8BC63C2DCABF65667D2 /* Pods_SquareStockTests.framework */ = {isa = PBXFileReference; explicitFileType = wrapper.framework; includeInIndex = 0; path = Pods_SquareStockTests.framework; sourceTree = BUILT_PRODUCTS_DIR; };
		5DADC8339F7C8063D537362F /* Pods.release.xcconfig */ = {isa = PBXFileReference; includeInIndex = 1; lastKnownFileType = text.xcconfig; name = Pods.release.xcconfig; path = "Pods/Target Support Files/Pods/Pods.release.xcconfig"; sourceTree = "<group>"; };
		6AB51DAEF51992A444FDBBCA /* Pods.debug.xcconfig */ = {isa = PBXFileReference; includeInIndex = 1; lastKnownFileType = text.xcconfig; name = Pods.debug.xcconfig; path = "Pods/Target Support Files/Pods/Pods.debug.xcconfig"; sourceTree = "<group>"; };
		8894096DA37A0E7FA5A8C930 /* Pods.framework */ = {isa = PBXFileReference; explicitFileType = wrapper.framework; includeInIndex = 0; path = Pods.framework; sourceTree = BUILT_PRODUCTS_DIR; };
		B24A2F381AF842CE00B05498 /* SquareStock.app */ = {isa = PBXFileReference; explicitFileType = wrapper.application; includeInIndex = 0; path = SquareStock.app; sourceTree = BUILT_PRODUCTS_DIR; };
		B24A2F4D1AF842CF00B05498 /* SquareStockTests.xctest */ = {isa = PBXFileReference; explicitFileType = wrapper.cfbundle; includeInIndex = 0; path = SquareStockTests.xctest; sourceTree = BUILT_PRODUCTS_DIR; };
		B24A2F521AF842CF00B05498 /* Info.plist */ = {isa = PBXFileReference; lastKnownFileType = text.plist.xml; path = Info.plist; sourceTree = "<group>"; };
		B24A2F5E1AF842FF00B05498 /* AppDelegate.swift */ = {isa = PBXFileReference; fileEncoding = 4; lastKnownFileType = sourcecode.swift; path = AppDelegate.swift; sourceTree = "<group>"; };
		B24A2F601AF842FF00B05498 /* Images.xcassets */ = {isa = PBXFileReference; lastKnownFileType = folder.assetcatalog; path = Images.xcassets; sourceTree = "<group>"; };
		B24A2F621AF842FF00B05498 /* Info.plist */ = {isa = PBXFileReference; fileEncoding = 4; lastKnownFileType = text.plist.xml; path = Info.plist; sourceTree = "<group>"; };
		B24A2F641AF842FF00B05498 /* ViewController.swift */ = {isa = PBXFileReference; fileEncoding = 4; lastKnownFileType = sourcecode.swift; path = ViewController.swift; sourceTree = "<group>"; };
		F96EC62EF63998091F946198 /* Pods-SquareStockTests.release.xcconfig */ = {isa = PBXFileReference; includeInIndex = 1; lastKnownFileType = text.xcconfig; name = "Pods-SquareStockTests.release.xcconfig"; path = "Pods/Target Support Files/Pods-SquareStockTests/Pods-SquareStockTests.release.xcconfig"; sourceTree = "<group>"; };
/* End PBXFileReference section */

/* Begin PBXFrameworksBuildPhase section */
		B24A2F351AF842CE00B05498 /* Frameworks */ = {
			isa = PBXFrameworksBuildPhase;
			buildActionMask = 2147483647;
			files = (
				5CC31645F7BD1293F25018DD /* Pods.framework in Frameworks */,
			);
			runOnlyForDeploymentPostprocessing = 0;
		};
		B24A2F4A1AF842CF00B05498 /* Frameworks */ = {
			isa = PBXFrameworksBuildPhase;
			buildActionMask = 2147483647;
			files = (
				9EA3EECCFB1A66EC70341441 /* Pods_SquareStockTests.framework in Frameworks */,
			);
			runOnlyForDeploymentPostprocessing = 0;
		};
/* End PBXFrameworksBuildPhase section */

/* Begin PBXGroup section */
		81734C848C0767AC717744FC /* Frameworks */ = {
			isa = PBXGroup;
			children = (
				8894096DA37A0E7FA5A8C930 /* Pods.framework */,
				5432A8BC63C2DCABF65667D2 /* Pods_SquareStockTests.framework */,
			);
			name = Frameworks;
			sourceTree = "<group>";
		};
		B24A2F2F1AF842CE00B05498 = {
			isa = PBXGroup;
			children = (
				B24A2F3A1AF842CF00B05498 /* SquareStock */,
				B24A2F501AF842CF00B05498 /* SquareStockTests */,
				B24A2F391AF842CE00B05498 /* Products */,
				C815CC7494B32962B786162E /* Pods */,
				81734C848C0767AC717744FC /* Frameworks */,
			);
			sourceTree = "<group>";
		};
		B24A2F391AF842CE00B05498 /* Products */ = {
			isa = PBXGroup;
			children = (
				B24A2F381AF842CE00B05498 /* SquareStock.app */,
				B24A2F4D1AF842CF00B05498 /* SquareStockTests.xctest */,
			);
			name = Products;
			sourceTree = "<group>";
		};
		B24A2F3A1AF842CF00B05498 /* SquareStock */ = {
			isa = PBXGroup;
			children = (
				B24A2F5D1AF842FF00B05498 /* AppDelegate */,
				B24A2F631AF842FF00B05498 /* ViewControllers */,
				B24A2F5F1AF842FF00B05498 /* Resources */,
				B24A2F611AF842FF00B05498 /* Supporting Files */,
			);
			path = SquareStock;
			sourceTree = "<group>";
		};
		B24A2F501AF842CF00B05498 /* SquareStockTests */ = {
			isa = PBXGroup;
			children = (
				B24A2F511AF842CF00B05498 /* Supporting Files */,
			);
			path = SquareStockTests;
			sourceTree = "<group>";
		};
		B24A2F511AF842CF00B05498 /* Supporting Files */ = {
			isa = PBXGroup;
			children = (
				B24A2F521AF842CF00B05498 /* Info.plist */,
			);
			name = "Supporting Files";
			sourceTree = "<group>";
		};
		B24A2F5D1AF842FF00B05498 /* AppDelegate */ = {
			isa = PBXGroup;
			children = (
				B24A2F5E1AF842FF00B05498 /* AppDelegate.swift */,
			);
			path = AppDelegate;
			sourceTree = "<group>";
		};
		B24A2F5F1AF842FF00B05498 /* Resources */ = {
			isa = PBXGroup;
			children = (
				B24A2F601AF842FF00B05498 /* Images.xcassets */,
			);
			path = Resources;
			sourceTree = "<group>";
		};
		B24A2F611AF842FF00B05498 /* Supporting Files */ = {
			isa = PBXGroup;
			children = (
				B24A2F621AF842FF00B05498 /* Info.plist */,
			);
			path = "Supporting Files";
			sourceTree = "<group>";
		};
		B24A2F631AF842FF00B05498 /* ViewControllers */ = {
			isa = PBXGroup;
			children = (
				B24A2F641AF842FF00B05498 /* ViewController.swift */,
			);
			path = ViewControllers;
			sourceTree = "<group>";
		};
		C815CC7494B32962B786162E /* Pods */ = {
			isa = PBXGroup;
			children = (
				6AB51DAEF51992A444FDBBCA /* Pods.debug.xcconfig */,
				5DADC8339F7C8063D537362F /* Pods.release.xcconfig */,
				19777F9EBB80B62BFCA0D81B /* Pods-SquareStockTests.debug.xcconfig */,
				F96EC62EF63998091F946198 /* Pods-SquareStockTests.release.xcconfig */,
			);
			name = Pods;
			sourceTree = "<group>";
		};
/* End PBXGroup section */

/* Begin PBXNativeTarget section */
		B24A2F371AF842CE00B05498 /* SquareStock */ = {
			isa = PBXNativeTarget;
			buildConfigurationList = B24A2F571AF842CF00B05498 /* Build configuration list for PBXNativeTarget "SquareStock" */;
			buildPhases = (
				502991C97C1F05ACD77A08F3 /* Check Pods Manifest.lock */,
				B24A2F341AF842CE00B05498 /* Sources */,
				B24A2F351AF842CE00B05498 /* Frameworks */,
				B24A2F361AF842CE00B05498 /* Resources */,
				E41782EADFF418C1D7BEC1A9 /* Embed Pods Frameworks */,
				42D0CE4230EAFF6B1A47949D /* Copy Pods Resources */,
			);
			buildRules = (
			);
			dependencies = (
			);
			name = SquareStock;
			productName = SquareStock;
			productReference = B24A2F381AF842CE00B05498 /* SquareStock.app */;
			productType = "com.apple.product-type.application";
		};
		B24A2F4C1AF842CF00B05498 /* SquareStockTests */ = {
			isa = PBXNativeTarget;
			buildConfigurationList = B24A2F5A1AF842CF00B05498 /* Build configuration list for PBXNativeTarget "SquareStockTests" */;
			buildPhases = (
				81D34F153E8452F23BFA4DE4 /* Check Pods Manifest.lock */,
				B24A2F491AF842CF00B05498 /* Sources */,
				B24A2F4A1AF842CF00B05498 /* Frameworks */,
				B24A2F4B1AF842CF00B05498 /* Resources */,
				EC61CDB8BF329E1B9C7E85F3 /* Embed Pods Frameworks */,
				6156DF347D7B7C04CB51B9EB /* Copy Pods Resources */,
			);
			buildRules = (
			);
			dependencies = (
				B24A2F4F1AF842CF00B05498 /* PBXTargetDependency */,
			);
			name = SquareStockTests;
			productName = SquareStockTests;
			productReference = B24A2F4D1AF842CF00B05498 /* SquareStockTests.xctest */;
			productType = "com.apple.product-type.bundle.unit-test";
		};
/* End PBXNativeTarget section */

/* Begin PBXProject section */
		B24A2F301AF842CE00B05498 /* Project object */ = {
			isa = PBXProject;
			attributes = {
				LastUpgradeCheck = 0630;
				ORGANIZATIONNAME = "Rui Peres";
				TargetAttributes = {
					B24A2F371AF842CE00B05498 = {
						CreatedOnToolsVersion = 6.3.1;
					};
					B24A2F4C1AF842CF00B05498 = {
						CreatedOnToolsVersion = 6.3.1;
						TestTargetID = B24A2F371AF842CE00B05498;
					};
				};
			};
			buildConfigurationList = B24A2F331AF842CE00B05498 /* Build configuration list for PBXProject "SquareStock" */;
			compatibilityVersion = "Xcode 3.2";
			developmentRegion = English;
			hasScannedForEncodings = 0;
			knownRegions = (
				en,
				Base,
			);
			mainGroup = B24A2F2F1AF842CE00B05498;
			productRefGroup = B24A2F391AF842CE00B05498 /* Products */;
			projectDirPath = "";
			projectRoot = "";
			targets = (
				B24A2F371AF842CE00B05498 /* SquareStock */,
				B24A2F4C1AF842CF00B05498 /* SquareStockTests */,
			);
		};
/* End PBXProject section */

/* Begin PBXResourcesBuildPhase section */
		B24A2F361AF842CE00B05498 /* Resources */ = {
			isa = PBXResourcesBuildPhase;
			buildActionMask = 2147483647;
			files = (
				B24A2F661AF842FF00B05498 /* Images.xcassets in Resources */,
			);
			runOnlyForDeploymentPostprocessing = 0;
		};
		B24A2F4B1AF842CF00B05498 /* Resources */ = {
			isa = PBXResourcesBuildPhase;
			buildActionMask = 2147483647;
			files = (
			);
			runOnlyForDeploymentPostprocessing = 0;
		};
/* End PBXResourcesBuildPhase section */

/* Begin PBXShellScriptBuildPhase section */
		42D0CE4230EAFF6B1A47949D /* Copy Pods Resources */ = {
			isa = PBXShellScriptBuildPhase;
			buildActionMask = 2147483647;
			files = (
			);
			inputPaths = (
			);
			name = "Copy Pods Resources";
			outputPaths = (
			);
			runOnlyForDeploymentPostprocessing = 0;
			shellPath = /bin/sh;
			shellScript = "\"${SRCROOT}/Pods/Target Support Files/Pods/Pods-resources.sh\"\n";
			showEnvVarsInLog = 0;
		};
		502991C97C1F05ACD77A08F3 /* Check Pods Manifest.lock */ = {
			isa = PBXShellScriptBuildPhase;
			buildActionMask = 2147483647;
			files = (
			);
			inputPaths = (
			);
			name = "Check Pods Manifest.lock";
			outputPaths = (
			);
			runOnlyForDeploymentPostprocessing = 0;
			shellPath = /bin/sh;
			shellScript = "diff \"${PODS_ROOT}/../Podfile.lock\" \"${PODS_ROOT}/Manifest.lock\" > /dev/null\nif [[ $? != 0 ]] ; then\n    cat << EOM\nerror: The sandbox is not in sync with the Podfile.lock. Run 'pod install' or update your CocoaPods installation.\nEOM\n    exit 1\nfi\n";
			showEnvVarsInLog = 0;
		};
		6156DF347D7B7C04CB51B9EB /* Copy Pods Resources */ = {
			isa = PBXShellScriptBuildPhase;
			buildActionMask = 2147483647;
			files = (
			);
			inputPaths = (
			);
			name = "Copy Pods Resources";
			outputPaths = (
			);
			runOnlyForDeploymentPostprocessing = 0;
			shellPath = /bin/sh;
			shellScript = "\"${SRCROOT}/Pods/Target Support Files/Pods-SquareStockTests/Pods-SquareStockTests-resources.sh\"\n";
			showEnvVarsInLog = 0;
		};
		81D34F153E8452F23BFA4DE4 /* Check Pods Manifest.lock */ = {
			isa = PBXShellScriptBuildPhase;
			buildActionMask = 2147483647;
			files = (
			);
			inputPaths = (
			);
			name = "Check Pods Manifest.lock";
			outputPaths = (
			);
			runOnlyForDeploymentPostprocessing = 0;
			shellPath = /bin/sh;
			shellScript = "diff \"${PODS_ROOT}/../Podfile.lock\" \"${PODS_ROOT}/Manifest.lock\" > /dev/null\nif [[ $? != 0 ]] ; then\n    cat << EOM\nerror: The sandbox is not in sync with the Podfile.lock. Run 'pod install' or update your CocoaPods installation.\nEOM\n    exit 1\nfi\n";
			showEnvVarsInLog = 0;
		};
		E41782EADFF418C1D7BEC1A9 /* Embed Pods Frameworks */ = {
			isa = PBXShellScriptBuildPhase;
			buildActionMask = 2147483647;
			files = (
			);
			inputPaths = (
			);
			name = "Embed Pods Frameworks";
			outputPaths = (
			);
			runOnlyForDeploymentPostprocessing = 0;
			shellPath = /bin/sh;
			shellScript = "\"${SRCROOT}/Pods/Target Support Files/Pods/Pods-frameworks.sh\"\n";
			showEnvVarsInLog = 0;
		};
		EC61CDB8BF329E1B9C7E85F3 /* Embed Pods Frameworks */ = {
			isa = PBXShellScriptBuildPhase;
			buildActionMask = 2147483647;
			files = (
			);
			inputPaths = (
			);
			name = "Embed Pods Frameworks";
			outputPaths = (
			);
			runOnlyForDeploymentPostprocessing = 0;
			shellPath = /bin/sh;
			shellScript = "\"${SRCROOT}/Pods/Target Support Files/Pods-SquareStockTests/Pods-SquareStockTests-frameworks.sh\"\n";
			showEnvVarsInLog = 0;
		};
/* End PBXShellScriptBuildPhase section */

/* Begin PBXSourcesBuildPhase section */
		B24A2F341AF842CE00B05498 /* Sources */ = {
			isa = PBXSourcesBuildPhase;
			buildActionMask = 2147483647;
			files = (
				B24A2F681AF842FF00B05498 /* ViewController.swift in Sources */,
				B24A2F651AF842FF00B05498 /* AppDelegate.swift in Sources */,
			);
			runOnlyForDeploymentPostprocessing = 0;
		};
		B24A2F491AF842CF00B05498 /* Sources */ = {
			isa = PBXSourcesBuildPhase;
			buildActionMask = 2147483647;
			files = (
			);
			runOnlyForDeploymentPostprocessing = 0;
		};
/* End PBXSourcesBuildPhase section */

/* Begin PBXTargetDependency section */
		B24A2F4F1AF842CF00B05498 /* PBXTargetDependency */ = {
			isa = PBXTargetDependency;
			target = B24A2F371AF842CE00B05498 /* SquareStock */;
			targetProxy = B24A2F4E1AF842CF00B05498 /* PBXContainerItemProxy */;
		};
/* End PBXTargetDependency section */

/* Begin XCBuildConfiguration section */
		B24A2F551AF842CF00B05498 /* Debug */ = {
			isa = XCBuildConfiguration;
			buildSettings = {
				ALWAYS_SEARCH_USER_PATHS = NO;
				CLANG_CXX_LANGUAGE_STANDARD = "gnu++0x";
				CLANG_CXX_LIBRARY = "libc++";
				CLANG_ENABLE_MODULES = YES;
				CLANG_ENABLE_OBJC_ARC = YES;
				CLANG_WARN_BOOL_CONVERSION = YES;
				CLANG_WARN_CONSTANT_CONVERSION = YES;
				CLANG_WARN_DIRECT_OBJC_ISA_USAGE = YES_ERROR;
				CLANG_WARN_EMPTY_BODY = YES;
				CLANG_WARN_ENUM_CONVERSION = YES;
				CLANG_WARN_INT_CONVERSION = YES;
				CLANG_WARN_OBJC_ROOT_CLASS = YES_ERROR;
				CLANG_WARN_UNREACHABLE_CODE = YES;
				CLANG_WARN__DUPLICATE_METHOD_MATCH = YES;
				"CODE_SIGN_IDENTITY[sdk=iphoneos*]" = "iPhone Developer";
				COPY_PHASE_STRIP = NO;
				DEBUG_INFORMATION_FORMAT = "dwarf-with-dsym";
				ENABLE_STRICT_OBJC_MSGSEND = YES;
				GCC_C_LANGUAGE_STANDARD = gnu99;
				GCC_DYNAMIC_NO_PIC = NO;
				GCC_NO_COMMON_BLOCKS = YES;
				GCC_OPTIMIZATION_LEVEL = 0;
				GCC_PREPROCESSOR_DEFINITIONS = (
					"DEBUG=1",
					"$(inherited)",
				);
				GCC_SYMBOLS_PRIVATE_EXTERN = NO;
				GCC_WARN_64_TO_32_BIT_CONVERSION = YES;
				GCC_WARN_ABOUT_RETURN_TYPE = YES_ERROR;
				GCC_WARN_UNDECLARED_SELECTOR = YES;
				GCC_WARN_UNINITIALIZED_AUTOS = YES_AGGRESSIVE;
				GCC_WARN_UNUSED_FUNCTION = YES;
				GCC_WARN_UNUSED_VARIABLE = YES;
				IPHONEOS_DEPLOYMENT_TARGET = 8.3;
				MTL_ENABLE_DEBUG_INFO = YES;
				ONLY_ACTIVE_ARCH = YES;
				SDKROOT = iphoneos;
				SWIFT_OPTIMIZATION_LEVEL = "-Onone";
				TARGETED_DEVICE_FAMILY = "1,2";
			};
			name = Debug;
		};
		B24A2F561AF842CF00B05498 /* Release */ = {
			isa = XCBuildConfiguration;
			buildSettings = {
				ALWAYS_SEARCH_USER_PATHS = NO;
				CLANG_CXX_LANGUAGE_STANDARD = "gnu++0x";
				CLANG_CXX_LIBRARY = "libc++";
				CLANG_ENABLE_MODULES = YES;
				CLANG_ENABLE_OBJC_ARC = YES;
				CLANG_WARN_BOOL_CONVERSION = YES;
				CLANG_WARN_CONSTANT_CONVERSION = YES;
				CLANG_WARN_DIRECT_OBJC_ISA_USAGE = YES_ERROR;
				CLANG_WARN_EMPTY_BODY = YES;
				CLANG_WARN_ENUM_CONVERSION = YES;
				CLANG_WARN_INT_CONVERSION = YES;
				CLANG_WARN_OBJC_ROOT_CLASS = YES_ERROR;
				CLANG_WARN_UNREACHABLE_CODE = YES;
				CLANG_WARN__DUPLICATE_METHOD_MATCH = YES;
				"CODE_SIGN_IDENTITY[sdk=iphoneos*]" = "iPhone Developer";
				COPY_PHASE_STRIP = NO;
				DEBUG_INFORMATION_FORMAT = "dwarf-with-dsym";
				ENABLE_NS_ASSERTIONS = NO;
				ENABLE_STRICT_OBJC_MSGSEND = YES;
				GCC_C_LANGUAGE_STANDARD = gnu99;
				GCC_NO_COMMON_BLOCKS = YES;
				GCC_WARN_64_TO_32_BIT_CONVERSION = YES;
				GCC_WARN_ABOUT_RETURN_TYPE = YES_ERROR;
				GCC_WARN_UNDECLARED_SELECTOR = YES;
				GCC_WARN_UNINITIALIZED_AUTOS = YES_AGGRESSIVE;
				GCC_WARN_UNUSED_FUNCTION = YES;
				GCC_WARN_UNUSED_VARIABLE = YES;
				IPHONEOS_DEPLOYMENT_TARGET = 8.3;
				MTL_ENABLE_DEBUG_INFO = NO;
				SDKROOT = iphoneos;
				TARGETED_DEVICE_FAMILY = "1,2";
				VALIDATE_PRODUCT = YES;
			};
			name = Release;
		};
		B24A2F581AF842CF00B05498 /* Debug */ = {
			isa = XCBuildConfiguration;
			baseConfigurationReference = 6AB51DAEF51992A444FDBBCA /* Pods.debug.xcconfig */;
			buildSettings = {
				ASSETCATALOG_COMPILER_APPICON_NAME = AppIcon;
				INFOPLIST_FILE = SquareStock/Info.plist;
				LD_RUNPATH_SEARCH_PATHS = "$(inherited) @executable_path/Frameworks";
				PRODUCT_NAME = "$(TARGET_NAME)";
			};
			name = Debug;
		};
		B24A2F591AF842CF00B05498 /* Release */ = {
			isa = XCBuildConfiguration;
			baseConfigurationReference = 5DADC8339F7C8063D537362F /* Pods.release.xcconfig */;
			buildSettings = {
				ASSETCATALOG_COMPILER_APPICON_NAME = AppIcon;
				INFOPLIST_FILE = SquareStock/Info.plist;
				LD_RUNPATH_SEARCH_PATHS = "$(inherited) @executable_path/Frameworks";
				PRODUCT_NAME = "$(TARGET_NAME)";
			};
			name = Release;
		};
		B24A2F5B1AF842CF00B05498 /* Debug */ = {
			isa = XCBuildConfiguration;
			baseConfigurationReference = 19777F9EBB80B62BFCA0D81B /* Pods-SquareStockTests.debug.xcconfig */;
			buildSettings = {
				BUNDLE_LOADER = "$(TEST_HOST)";
				FRAMEWORK_SEARCH_PATHS = (
					"$(SDKROOT)/Developer/Library/Frameworks",
					"$(inherited)",
				);
				GCC_PREPROCESSOR_DEFINITIONS = (
					"DEBUG=1",
					"$(inherited)",
				);
				INFOPLIST_FILE = SquareStockTests/Info.plist;
				LD_RUNPATH_SEARCH_PATHS = "$(inherited) @executable_path/Frameworks @loader_path/Frameworks";
				PRODUCT_NAME = "$(TARGET_NAME)";
				TEST_HOST = "$(BUILT_PRODUCTS_DIR)/SquareStock.app/SquareStock";
			};
			name = Debug;
		};
		B24A2F5C1AF842CF00B05498 /* Release */ = {
			isa = XCBuildConfiguration;
			baseConfigurationReference = F96EC62EF63998091F946198 /* Pods-SquareStockTests.release.xcconfig */;
			buildSettings = {
				BUNDLE_LOADER = "$(TEST_HOST)";
				FRAMEWORK_SEARCH_PATHS = (
					"$(SDKROOT)/Developer/Library/Frameworks",
					"$(inherited)",
				);
				INFOPLIST_FILE = SquareStockTests/Info.plist;
				LD_RUNPATH_SEARCH_PATHS = "$(inherited) @executable_path/Frameworks @loader_path/Frameworks";
				PRODUCT_NAME = "$(TARGET_NAME)";
				TEST_HOST = "$(BUILT_PRODUCTS_DIR)/SquareStock.app/SquareStock";
			};
			name = Release;
		};
/* End XCBuildConfiguration section */

/* Begin XCConfigurationList section */
		B24A2F331AF842CE00B05498 /* Build configuration list for PBXProject "SquareStock" */ = {
			isa = XCConfigurationList;
			buildConfigurations = (
				B24A2F551AF842CF00B05498 /* Debug */,
				B24A2F561AF842CF00B05498 /* Release */,
			);
			defaultConfigurationIsVisible = 0;
			defaultConfigurationName = Release;
		};
		B24A2F571AF842CF00B05498 /* Build configuration list for PBXNativeTarget "SquareStock" */ = {
			isa = XCConfigurationList;
			buildConfigurations = (
				B24A2F581AF842CF00B05498 /* Debug */,
				B24A2F591AF842CF00B05498 /* Release */,
			);
			defaultConfigurationIsVisible = 0;
			defaultConfigurationName = Release;
		};
		B24A2F5A1AF842CF00B05498 /* Build configuration list for PBXNativeTarget "SquareStockTests" */ = {
			isa = XCConfigurationList;
			buildConfigurations = (
				B24A2F5B1AF842CF00B05498 /* Debug */,
				B24A2F5C1AF842CF00B05498 /* Release */,
			);
			defaultConfigurationIsVisible = 0;
			defaultConfigurationName = Release;
		};
/* End XCConfigurationList section */
	};
	rootObject = B24A2F301AF842CE00B05498 /* Project object */;
}
